// !$*UTF8*$!
{
	archiveVersion = 1;
	classes = {
	};
	objectVersion = 52;
	objects = {

/* Begin PBXBuildFile section */
		D403C10227368D3400DFC5E6 /* UniversityRepository.swift in Sources */ = {isa = PBXBuildFile; fileRef = D403C10127368D3400DFC5E6 /* UniversityRepository.swift */; };
		D403C10527368DBE00DFC5E6 /* Reposityory.swift in Sources */ = {isa = PBXBuildFile; fileRef = D403C10427368DBE00DFC5E6 /* Reposityory.swift */; };
		D403C10827369F1100DFC5E6 /* Swinject in Frameworks */ = {isa = PBXBuildFile; productRef = D403C10727369F1100DFC5E6 /* Swinject */; };
		D403C10A2736A2C300DFC5E6 /* Injector.swift in Sources */ = {isa = PBXBuildFile; fileRef = D403C1092736A2C300DFC5E6 /* Injector.swift */; };
		D40FECB7271C2971005BE36B /* SwiftyJSON in Frameworks */ = {isa = PBXBuildFile; productRef = D40FECB6271C2971005BE36B /* SwiftyJSON */; };
		D40FECBA271C2A7D005BE36B /* Alamofire in Frameworks */ = {isa = PBXBuildFile; productRef = D40FECB9271C2A7D005BE36B /* Alamofire */; };
		D40FECBC271C3353005BE36B /* APIService.swift in Sources */ = {isa = PBXBuildFile; fileRef = D40FECBB271C3353005BE36B /* APIService.swift */; };
		D40FECBF271C341D005BE36B /* UniversityNetworkSource.swift in Sources */ = {isa = PBXBuildFile; fileRef = D40FECBE271C341D005BE36B /* UniversityNetworkSource.swift */; };
		D40FECC4271C353F005BE36B /* UniversityListDTO.swift in Sources */ = {isa = PBXBuildFile; fileRef = D40FECC3271C353F005BE36B /* UniversityListDTO.swift */; };
		D40FECC6271C38AC005BE36B /* APIUrlManager.swift in Sources */ = {isa = PBXBuildFile; fileRef = D40FECC5271C38AC005BE36B /* APIUrlManager.swift */; };
		D424D2A927350D1300F9E27B /* DataState.swift in Sources */ = {isa = PBXBuildFile; fileRef = D424D2A827350D1300F9E27B /* DataState.swift */; };
		D427414A271B50F100AAE3CE /* UIViews.swift in Sources */ = {isa = PBXBuildFile; fileRef = D4274149271B50F100AAE3CE /* UIViews.swift */; };
		D427414C271B566C00AAE3CE /* UniversityDetailViewModel.swift in Sources */ = {isa = PBXBuildFile; fileRef = D427414B271B566C00AAE3CE /* UniversityDetailViewModel.swift */; };
		D427414E271B56B500AAE3CE /* UniversityDetail.swift in Sources */ = {isa = PBXBuildFile; fileRef = D427414D271B56B500AAE3CE /* UniversityDetail.swift */; };
		D4274151271B66FC00AAE3CE /* PromotionCollectionViewCell.swift in Sources */ = {isa = PBXBuildFile; fileRef = D427414F271B66FC00AAE3CE /* PromotionCollectionViewCell.swift */; };
		D4274152271B66FC00AAE3CE /* PromotionCollectionViewCell.xib in Resources */ = {isa = PBXBuildFile; fileRef = D4274150271B66FC00AAE3CE /* PromotionCollectionViewCell.xib */; };
		D4278D0E26F7CA5B00B1339E /* UniversityListViewController.swift in Sources */ = {isa = PBXBuildFile; fileRef = D4278D0D26F7CA5B00B1339E /* UniversityListViewController.swift */; };
		D4278D1026F7CAB400B1339E /* SearchViewController.swift in Sources */ = {isa = PBXBuildFile; fileRef = D4278D0F26F7CAB400B1339E /* SearchViewController.swift */; };
		D4278D1226F7CAFE00B1339E /* ProfileViewController.swift in Sources */ = {isa = PBXBuildFile; fileRef = D4278D1126F7CAFE00B1339E /* ProfileViewController.swift */; };
		D43E53F82740EAAB00CF9612 /* SearchViewModel.swift in Sources */ = {isa = PBXBuildFile; fileRef = D43E53F72740EAAB00CF9612 /* SearchViewModel.swift */; };
		D44045BE26F68ED00098BEAF /* AppDelegate.swift in Sources */ = {isa = PBXBuildFile; fileRef = D44045BD26F68ED00098BEAF /* AppDelegate.swift */; };
		D44045C026F68ED00098BEAF /* SceneDelegate.swift in Sources */ = {isa = PBXBuildFile; fileRef = D44045BF26F68ED00098BEAF /* SceneDelegate.swift */; };
		D44045C226F68ED00098BEAF /* ViewController.swift in Sources */ = {isa = PBXBuildFile; fileRef = D44045C126F68ED00098BEAF /* ViewController.swift */; };
		D44045C526F68ED00098BEAF /* Main.storyboard in Resources */ = {isa = PBXBuildFile; fileRef = D44045C326F68ED00098BEAF /* Main.storyboard */; };
		D44045C726F68ED10098BEAF /* Assets.xcassets in Resources */ = {isa = PBXBuildFile; fileRef = D44045C626F68ED10098BEAF /* Assets.xcassets */; };
		D44045CA26F68ED10098BEAF /* LaunchScreen.storyboard in Resources */ = {isa = PBXBuildFile; fileRef = D44045C826F68ED10098BEAF /* LaunchScreen.storyboard */; };
		D44045D526F68ED10098BEAF /* UniFinderTests.swift in Sources */ = {isa = PBXBuildFile; fileRef = D44045D426F68ED10098BEAF /* UniFinderTests.swift */; };
		D44045E026F68ED10098BEAF /* UniFinderUITests.swift in Sources */ = {isa = PBXBuildFile; fileRef = D44045DF26F68ED10098BEAF /* UniFinderUITests.swift */; };
		D46BE9AD2710226100633C69 /* UniversityDetailViewController.swift in Sources */ = {isa = PBXBuildFile; fileRef = D46BE9AC2710226100633C69 /* UniversityDetailViewController.swift */; };
		D47429B726F7264000B51184 /* AvenirNext-Heavy-09.ttf in Resources */ = {isa = PBXBuildFile; fileRef = D47429B026F7264000B51184 /* AvenirNext-Heavy-09.ttf */; };
		D47429B826F7264000B51184 /* AvenirNext-Heavy-09.ttf in Resources */ = {isa = PBXBuildFile; fileRef = D47429B026F7264000B51184 /* AvenirNext-Heavy-09.ttf */; };
		D47429B926F7264000B51184 /* AvenirNext-Heavy-09.ttf in Resources */ = {isa = PBXBuildFile; fileRef = D47429B026F7264000B51184 /* AvenirNext-Heavy-09.ttf */; };
		D47429BA26F7264000B51184 /* AvenirNext-DemiBold-03.ttf in Resources */ = {isa = PBXBuildFile; fileRef = D47429B126F7264000B51184 /* AvenirNext-DemiBold-03.ttf */; };
		D47429BB26F7264000B51184 /* AvenirNext-DemiBold-03.ttf in Resources */ = {isa = PBXBuildFile; fileRef = D47429B126F7264000B51184 /* AvenirNext-DemiBold-03.ttf */; };
		D47429BC26F7264000B51184 /* AvenirNext-DemiBold-03.ttf in Resources */ = {isa = PBXBuildFile; fileRef = D47429B126F7264000B51184 /* AvenirNext-DemiBold-03.ttf */; };
		D47429BD26F7264000B51184 /* AvenirNext-Regular-08.ttf in Resources */ = {isa = PBXBuildFile; fileRef = D47429B226F7264000B51184 /* AvenirNext-Regular-08.ttf */; };
		D47429BE26F7264000B51184 /* AvenirNext-Regular-08.ttf in Resources */ = {isa = PBXBuildFile; fileRef = D47429B226F7264000B51184 /* AvenirNext-Regular-08.ttf */; };
		D47429BF26F7264000B51184 /* AvenirNext-Regular-08.ttf in Resources */ = {isa = PBXBuildFile; fileRef = D47429B226F7264000B51184 /* AvenirNext-Regular-08.ttf */; };
		D47429C026F7264000B51184 /* AvenirNext-Bold-01.ttf in Resources */ = {isa = PBXBuildFile; fileRef = D47429B326F7264000B51184 /* AvenirNext-Bold-01.ttf */; };
		D47429C126F7264000B51184 /* AvenirNext-Bold-01.ttf in Resources */ = {isa = PBXBuildFile; fileRef = D47429B326F7264000B51184 /* AvenirNext-Bold-01.ttf */; };
		D47429C226F7264000B51184 /* AvenirNext-Bold-01.ttf in Resources */ = {isa = PBXBuildFile; fileRef = D47429B326F7264000B51184 /* AvenirNext-Bold-01.ttf */; };
		D47429C326F7264000B51184 /* AvenirNext-Italic-05.ttf in Resources */ = {isa = PBXBuildFile; fileRef = D47429B426F7264000B51184 /* AvenirNext-Italic-05.ttf */; };
		D47429C426F7264000B51184 /* AvenirNext-Italic-05.ttf in Resources */ = {isa = PBXBuildFile; fileRef = D47429B426F7264000B51184 /* AvenirNext-Italic-05.ttf */; };
		D47429C526F7264000B51184 /* AvenirNext-Italic-05.ttf in Resources */ = {isa = PBXBuildFile; fileRef = D47429B426F7264000B51184 /* AvenirNext-Italic-05.ttf */; };
		D47429C626F7264000B51184 /* AvenirNext-Medium-06.ttf in Resources */ = {isa = PBXBuildFile; fileRef = D47429B526F7264000B51184 /* AvenirNext-Medium-06.ttf */; };
		D47429C726F7264000B51184 /* AvenirNext-Medium-06.ttf in Resources */ = {isa = PBXBuildFile; fileRef = D47429B526F7264000B51184 /* AvenirNext-Medium-06.ttf */; };
		D47429C826F7264000B51184 /* AvenirNext-Medium-06.ttf in Resources */ = {isa = PBXBuildFile; fileRef = D47429B526F7264000B51184 /* AvenirNext-Medium-06.ttf */; };
		D47429C926F7264000B51184 /* AvenirNext-UltraLight-11.ttf in Resources */ = {isa = PBXBuildFile; fileRef = D47429B626F7264000B51184 /* AvenirNext-UltraLight-11.ttf */; };
		D47429CA26F7264000B51184 /* AvenirNext-UltraLight-11.ttf in Resources */ = {isa = PBXBuildFile; fileRef = D47429B626F7264000B51184 /* AvenirNext-UltraLight-11.ttf */; };
		D47429CB26F7264000B51184 /* AvenirNext-UltraLight-11.ttf in Resources */ = {isa = PBXBuildFile; fileRef = D47429B626F7264000B51184 /* AvenirNext-UltraLight-11.ttf */; };
		D47429CD26F72B9E00B51184 /* LaunchScreenViewController.swift in Sources */ = {isa = PBXBuildFile; fileRef = D47429CC26F72B9E00B51184 /* LaunchScreenViewController.swift */; };
		D4762B1427099EAB00B2CB58 /* Kingfisher in Frameworks */ = {isa = PBXBuildFile; productRef = D4762B1327099EAB00B2CB58 /* Kingfisher */; };
		D4762B182709B3B700B2CB58 /* UniversityListViewModel.swift in Sources */ = {isa = PBXBuildFile; fileRef = D4762B172709B3B700B2CB58 /* UniversityListViewModel.swift */; };
		D4762B1A2709B45800B2CB58 /* ViewModel.swift in Sources */ = {isa = PBXBuildFile; fileRef = D4762B192709B45800B2CB58 /* ViewModel.swift */; };
		D4762B1C2709B54300B2CB58 /* Observable.swift in Sources */ = {isa = PBXBuildFile; fileRef = D4762B1B2709B54300B2CB58 /* Observable.swift */; };
		D4CF783126FD1427002FA4C9 /* TableViewCell.swift in Sources */ = {isa = PBXBuildFile; fileRef = D4CF782F26FD1427002FA4C9 /* TableViewCell.swift */; };
		D4CF783226FD1427002FA4C9 /* TableViewCell.xib in Resources */ = {isa = PBXBuildFile; fileRef = D4CF783026FD1427002FA4C9 /* TableViewCell.xib */; };
		D4CF783626FD192D002FA4C9 /* Constants.swift in Sources */ = {isa = PBXBuildFile; fileRef = D4CF783526FD192D002FA4C9 /* Constants.swift */; };
		D4CF783A26FD1D06002FA4C9 /* UniversityListItem.swift in Sources */ = {isa = PBXBuildFile; fileRef = D4CF783926FD1D06002FA4C9 /* UniversityListItem.swift */; };
		D4DA10D4272BEF0C00026B7C /* NetworkSource.swift in Sources */ = {isa = PBXBuildFile; fileRef = D4DA10D3272BEF0C00026B7C /* NetworkSource.swift */; };
		D4DA10D8272BF7CD00026B7C /* models.swift in Sources */ = {isa = PBXBuildFile; fileRef = D4DA10D7272BF7CD00026B7C /* models.swift */; };
		D4FCFC2827528CCA00128C1F /* Extentions.swift in Sources */ = {isa = PBXBuildFile; fileRef = D4FCFC2727528CCA00128C1F /* Extentions.swift */; };
/* End PBXBuildFile section */

/* Begin PBXContainerItemProxy section */
		D44045D126F68ED10098BEAF /* PBXContainerItemProxy */ = {
			isa = PBXContainerItemProxy;
			containerPortal = D44045B226F68ED00098BEAF /* Project object */;
			proxyType = 1;
			remoteGlobalIDString = D44045B926F68ED00098BEAF;
			remoteInfo = UniFinder;
		};
		D44045DC26F68ED10098BEAF /* PBXContainerItemProxy */ = {
			isa = PBXContainerItemProxy;
			containerPortal = D44045B226F68ED00098BEAF /* Project object */;
			proxyType = 1;
			remoteGlobalIDString = D44045B926F68ED00098BEAF;
			remoteInfo = UniFinder;
		};
/* End PBXContainerItemProxy section */

/* Begin PBXFileReference section */
		D403C10127368D3400DFC5E6 /* UniversityRepository.swift */ = {isa = PBXFileReference; lastKnownFileType = sourcecode.swift; path = UniversityRepository.swift; sourceTree = "<group>"; };
		D403C10427368DBE00DFC5E6 /* Reposityory.swift */ = {isa = PBXFileReference; lastKnownFileType = sourcecode.swift; path = Reposityory.swift; sourceTree = "<group>"; };
		D403C1092736A2C300DFC5E6 /* Injector.swift */ = {isa = PBXFileReference; lastKnownFileType = sourcecode.swift; path = Injector.swift; sourceTree = "<group>"; };
		D40FECBB271C3353005BE36B /* APIService.swift */ = {isa = PBXFileReference; lastKnownFileType = sourcecode.swift; path = APIService.swift; sourceTree = "<group>"; };
		D40FECBE271C341D005BE36B /* UniversityNetworkSource.swift */ = {isa = PBXFileReference; lastKnownFileType = sourcecode.swift; path = UniversityNetworkSource.swift; sourceTree = "<group>"; };
		D40FECC3271C353F005BE36B /* UniversityListDTO.swift */ = {isa = PBXFileReference; lastKnownFileType = sourcecode.swift; path = UniversityListDTO.swift; sourceTree = "<group>"; };
		D40FECC5271C38AC005BE36B /* APIUrlManager.swift */ = {isa = PBXFileReference; lastKnownFileType = sourcecode.swift; path = APIUrlManager.swift; sourceTree = "<group>"; };
		D424D2A827350D1300F9E27B /* DataState.swift */ = {isa = PBXFileReference; lastKnownFileType = sourcecode.swift; path = DataState.swift; sourceTree = "<group>"; };
		D4274149271B50F100AAE3CE /* UIViews.swift */ = {isa = PBXFileReference; lastKnownFileType = sourcecode.swift; path = UIViews.swift; sourceTree = "<group>"; };
		D427414B271B566C00AAE3CE /* UniversityDetailViewModel.swift */ = {isa = PBXFileReference; lastKnownFileType = sourcecode.swift; path = UniversityDetailViewModel.swift; sourceTree = "<group>"; };
		D427414D271B56B500AAE3CE /* UniversityDetail.swift */ = {isa = PBXFileReference; lastKnownFileType = sourcecode.swift; path = UniversityDetail.swift; sourceTree = "<group>"; };
		D427414F271B66FC00AAE3CE /* PromotionCollectionViewCell.swift */ = {isa = PBXFileReference; lastKnownFileType = sourcecode.swift; path = PromotionCollectionViewCell.swift; sourceTree = "<group>"; };
		D4274150271B66FC00AAE3CE /* PromotionCollectionViewCell.xib */ = {isa = PBXFileReference; lastKnownFileType = file.xib; path = PromotionCollectionViewCell.xib; sourceTree = "<group>"; };
		D4278D0D26F7CA5B00B1339E /* UniversityListViewController.swift */ = {isa = PBXFileReference; lastKnownFileType = sourcecode.swift; path = UniversityListViewController.swift; sourceTree = "<group>"; };
		D4278D0F26F7CAB400B1339E /* SearchViewController.swift */ = {isa = PBXFileReference; lastKnownFileType = sourcecode.swift; path = SearchViewController.swift; sourceTree = "<group>"; };
		D4278D1126F7CAFE00B1339E /* ProfileViewController.swift */ = {isa = PBXFileReference; lastKnownFileType = sourcecode.swift; path = ProfileViewController.swift; sourceTree = "<group>"; };
		D43E53F72740EAAB00CF9612 /* SearchViewModel.swift */ = {isa = PBXFileReference; lastKnownFileType = sourcecode.swift; path = SearchViewModel.swift; sourceTree = "<group>"; };
		D44045BA26F68ED00098BEAF /* UniFinder.app */ = {isa = PBXFileReference; explicitFileType = wrapper.application; includeInIndex = 0; path = UniFinder.app; sourceTree = BUILT_PRODUCTS_DIR; };
		D44045BD26F68ED00098BEAF /* AppDelegate.swift */ = {isa = PBXFileReference; lastKnownFileType = sourcecode.swift; path = AppDelegate.swift; sourceTree = "<group>"; };
		D44045BF26F68ED00098BEAF /* SceneDelegate.swift */ = {isa = PBXFileReference; lastKnownFileType = sourcecode.swift; path = SceneDelegate.swift; sourceTree = "<group>"; };
		D44045C126F68ED00098BEAF /* ViewController.swift */ = {isa = PBXFileReference; lastKnownFileType = sourcecode.swift; path = ViewController.swift; sourceTree = "<group>"; };
		D44045C426F68ED00098BEAF /* Base */ = {isa = PBXFileReference; lastKnownFileType = file.storyboard; name = Base; path = Base.lproj/Main.storyboard; sourceTree = "<group>"; };
		D44045C626F68ED10098BEAF /* Assets.xcassets */ = {isa = PBXFileReference; lastKnownFileType = folder.assetcatalog; path = Assets.xcassets; sourceTree = "<group>"; };
		D44045C926F68ED10098BEAF /* Base */ = {isa = PBXFileReference; lastKnownFileType = file.storyboard; name = Base; path = Base.lproj/LaunchScreen.storyboard; sourceTree = "<group>"; };
		D44045CB26F68ED10098BEAF /* Info.plist */ = {isa = PBXFileReference; lastKnownFileType = text.plist.xml; path = Info.plist; sourceTree = "<group>"; };
		D44045D026F68ED10098BEAF /* UniFinderTests.xctest */ = {isa = PBXFileReference; explicitFileType = wrapper.cfbundle; includeInIndex = 0; path = UniFinderTests.xctest; sourceTree = BUILT_PRODUCTS_DIR; };
		D44045D426F68ED10098BEAF /* UniFinderTests.swift */ = {isa = PBXFileReference; lastKnownFileType = sourcecode.swift; path = UniFinderTests.swift; sourceTree = "<group>"; };
		D44045D626F68ED10098BEAF /* Info.plist */ = {isa = PBXFileReference; lastKnownFileType = text.plist.xml; path = Info.plist; sourceTree = "<group>"; };
		D44045DB26F68ED10098BEAF /* UniFinderUITests.xctest */ = {isa = PBXFileReference; explicitFileType = wrapper.cfbundle; includeInIndex = 0; path = UniFinderUITests.xctest; sourceTree = BUILT_PRODUCTS_DIR; };
		D44045DF26F68ED10098BEAF /* UniFinderUITests.swift */ = {isa = PBXFileReference; lastKnownFileType = sourcecode.swift; path = UniFinderUITests.swift; sourceTree = "<group>"; };
		D44045E126F68ED10098BEAF /* Info.plist */ = {isa = PBXFileReference; lastKnownFileType = text.plist.xml; path = Info.plist; sourceTree = "<group>"; };
		D46BE9AC2710226100633C69 /* UniversityDetailViewController.swift */ = {isa = PBXFileReference; lastKnownFileType = sourcecode.swift; path = UniversityDetailViewController.swift; sourceTree = "<group>"; };
		D47429B026F7264000B51184 /* AvenirNext-Heavy-09.ttf */ = {isa = PBXFileReference; lastKnownFileType = file; path = "AvenirNext-Heavy-09.ttf"; sourceTree = "<group>"; };
		D47429B126F7264000B51184 /* AvenirNext-DemiBold-03.ttf */ = {isa = PBXFileReference; lastKnownFileType = file; path = "AvenirNext-DemiBold-03.ttf"; sourceTree = "<group>"; };
		D47429B226F7264000B51184 /* AvenirNext-Regular-08.ttf */ = {isa = PBXFileReference; lastKnownFileType = file; path = "AvenirNext-Regular-08.ttf"; sourceTree = "<group>"; };
		D47429B326F7264000B51184 /* AvenirNext-Bold-01.ttf */ = {isa = PBXFileReference; lastKnownFileType = file; path = "AvenirNext-Bold-01.ttf"; sourceTree = "<group>"; };
		D47429B426F7264000B51184 /* AvenirNext-Italic-05.ttf */ = {isa = PBXFileReference; lastKnownFileType = file; path = "AvenirNext-Italic-05.ttf"; sourceTree = "<group>"; };
		D47429B526F7264000B51184 /* AvenirNext-Medium-06.ttf */ = {isa = PBXFileReference; lastKnownFileType = file; path = "AvenirNext-Medium-06.ttf"; sourceTree = "<group>"; };
		D47429B626F7264000B51184 /* AvenirNext-UltraLight-11.ttf */ = {isa = PBXFileReference; lastKnownFileType = file; path = "AvenirNext-UltraLight-11.ttf"; sourceTree = "<group>"; };
		D47429CC26F72B9E00B51184 /* LaunchScreenViewController.swift */ = {isa = PBXFileReference; lastKnownFileType = sourcecode.swift; path = LaunchScreenViewController.swift; sourceTree = "<group>"; };
		D4762B172709B3B700B2CB58 /* UniversityListViewModel.swift */ = {isa = PBXFileReference; lastKnownFileType = sourcecode.swift; path = UniversityListViewModel.swift; sourceTree = "<group>"; };
		D4762B192709B45800B2CB58 /* ViewModel.swift */ = {isa = PBXFileReference; lastKnownFileType = sourcecode.swift; path = ViewModel.swift; sourceTree = "<group>"; };
		D4762B1B2709B54300B2CB58 /* Observable.swift */ = {isa = PBXFileReference; lastKnownFileType = sourcecode.swift; path = Observable.swift; sourceTree = "<group>"; };
		D4CF782F26FD1427002FA4C9 /* TableViewCell.swift */ = {isa = PBXFileReference; lastKnownFileType = sourcecode.swift; path = TableViewCell.swift; sourceTree = "<group>"; };
		D4CF783026FD1427002FA4C9 /* TableViewCell.xib */ = {isa = PBXFileReference; lastKnownFileType = file.xib; path = TableViewCell.xib; sourceTree = "<group>"; };
		D4CF783526FD192D002FA4C9 /* Constants.swift */ = {isa = PBXFileReference; lastKnownFileType = sourcecode.swift; path = Constants.swift; sourceTree = "<group>"; };
		D4CF783926FD1D06002FA4C9 /* UniversityListItem.swift */ = {isa = PBXFileReference; lastKnownFileType = sourcecode.swift; path = UniversityListItem.swift; sourceTree = "<group>"; };
		D4DA10D3272BEF0C00026B7C /* NetworkSource.swift */ = {isa = PBXFileReference; lastKnownFileType = sourcecode.swift; path = NetworkSource.swift; sourceTree = "<group>"; };
		D4DA10D7272BF7CD00026B7C /* models.swift */ = {isa = PBXFileReference; lastKnownFileType = sourcecode.swift; path = models.swift; sourceTree = "<group>"; };
		D4FCFC2727528CCA00128C1F /* Extentions.swift */ = {isa = PBXFileReference; lastKnownFileType = sourcecode.swift; path = Extentions.swift; sourceTree = "<group>"; };
/* End PBXFileReference section */

/* Begin PBXFrameworksBuildPhase section */
		D44045B726F68ED00098BEAF /* Frameworks */ = {
			isa = PBXFrameworksBuildPhase;
			buildActionMask = 2147483647;
			files = (
				D40FECBA271C2A7D005BE36B /* Alamofire in Frameworks */,
				D40FECB7271C2971005BE36B /* SwiftyJSON in Frameworks */,
				D4762B1427099EAB00B2CB58 /* Kingfisher in Frameworks */,
				D403C10827369F1100DFC5E6 /* Swinject in Frameworks */,
			);
			runOnlyForDeploymentPostprocessing = 0;
		};
		D44045CD26F68ED10098BEAF /* Frameworks */ = {
			isa = PBXFrameworksBuildPhase;
			buildActionMask = 2147483647;
			files = (
			);
			runOnlyForDeploymentPostprocessing = 0;
		};
		D44045D826F68ED10098BEAF /* Frameworks */ = {
			isa = PBXFrameworksBuildPhase;
			buildActionMask = 2147483647;
			files = (
			);
			runOnlyForDeploymentPostprocessing = 0;
		};
/* End PBXFrameworksBuildPhase section */

/* Begin PBXGroup section */
		D403C0FF27367A2300DFC5E6 /* repositories */ = {
			isa = PBXGroup;
			children = (
				D403C10127368D3400DFC5E6 /* UniversityRepository.swift */,
				D403C10427368DBE00DFC5E6 /* Reposityory.swift */,
			);
			path = repositories;
			sourceTree = "<group>";
		};
		D403C10027367A3500DFC5E6 /* usecases */ = {
			isa = PBXGroup;
			children = (
			);
			path = usecases;
			sourceTree = "<group>";
		};
		D40FECBD271C335B005BE36B /* network */ = {
			isa = PBXGroup;
			children = (
				D4DA10D6272BF7BF00026B7C /* model */,
				D4DA10D3272BEF0C00026B7C /* NetworkSource.swift */,
				D40FECC0271C34A8005BE36B /* dto */,
				D40FECBB271C3353005BE36B /* APIService.swift */,
				D40FECBE271C341D005BE36B /* UniversityNetworkSource.swift */,
				D40FECC5271C38AC005BE36B /* APIUrlManager.swift */,
			);
			path = network;
			sourceTree = "<group>";
		};
		D40FECC0271C34A8005BE36B /* dto */ = {
			isa = PBXGroup;
			children = (
				D40FECC3271C353F005BE36B /* UniversityListDTO.swift */,
			);
			path = dto;
			sourceTree = "<group>";
		};
		D424D2A727350D0000F9E27B /* local */ = {
			isa = PBXGroup;
			children = (
			);
			path = local;
			sourceTree = "<group>";
		};
		D4278D0B26F7C9D700B1339E /* UI */ = {
			isa = PBXGroup;
			children = (
				D46BE9AB2710222700633C69 /* universityDetail */,
				D4CF782E26FD1400002FA4C9 /* profile */,
				D4CF782D26FD13F9002FA4C9 /* search */,
				D4CF782C26FD13E0002FA4C9 /* list */,
				D47429CC26F72B9E00B51184 /* LaunchScreenViewController.swift */,
				D44045C826F68ED10098BEAF /* LaunchScreen.storyboard */,
				D44045C126F68ED00098BEAF /* ViewController.swift */,
				D44045C326F68ED00098BEAF /* Main.storyboard */,
			);
			path = UI;
			sourceTree = "<group>";
		};
		D44045B126F68ED00098BEAF = {
			isa = PBXGroup;
			children = (
				D44045BC26F68ED00098BEAF /* UniFinder */,
				D44045D326F68ED10098BEAF /* UniFinderTests */,
				D44045DE26F68ED10098BEAF /* UniFinderUITests */,
				D44045BB26F68ED00098BEAF /* Products */,
			);
			sourceTree = "<group>";
		};
		D44045BB26F68ED00098BEAF /* Products */ = {
			isa = PBXGroup;
			children = (
				D44045BA26F68ED00098BEAF /* UniFinder.app */,
				D44045D026F68ED10098BEAF /* UniFinderTests.xctest */,
				D44045DB26F68ED10098BEAF /* UniFinderUITests.xctest */,
			);
			name = Products;
			sourceTree = "<group>";
		};
		D44045BC26F68ED00098BEAF /* UniFinder */ = {
			isa = PBXGroup;
			children = (
				D4762B162709B38500B2CB58 /* data source */,
				D4CF783726FD1CB7002FA4C9 /* Domain Model */,
				D4CF783426FD1913002FA4C9 /* Util */,
				D4278D0B26F7C9D700B1339E /* UI */,
				D47429AF26F7262A00B51184 /* fonts */,
				D44045BD26F68ED00098BEAF /* AppDelegate.swift */,
				D44045BF26F68ED00098BEAF /* SceneDelegate.swift */,
				D44045C626F68ED10098BEAF /* Assets.xcassets */,
				D44045CB26F68ED10098BEAF /* Info.plist */,
			);
			path = UniFinder;
			sourceTree = "<group>";
		};
		D44045D326F68ED10098BEAF /* UniFinderTests */ = {
			isa = PBXGroup;
			children = (
				D44045D426F68ED10098BEAF /* UniFinderTests.swift */,
				D44045D626F68ED10098BEAF /* Info.plist */,
			);
			path = UniFinderTests;
			sourceTree = "<group>";
		};
		D44045DE26F68ED10098BEAF /* UniFinderUITests */ = {
			isa = PBXGroup;
			children = (
				D44045DF26F68ED10098BEAF /* UniFinderUITests.swift */,
				D44045E126F68ED10098BEAF /* Info.plist */,
			);
			path = UniFinderUITests;
			sourceTree = "<group>";
		};
		D46BE9AB2710222700633C69 /* universityDetail */ = {
			isa = PBXGroup;
			children = (
				D46BE9AC2710226100633C69 /* UniversityDetailViewController.swift */,
				D427414B271B566C00AAE3CE /* UniversityDetailViewModel.swift */,
				D427414F271B66FC00AAE3CE /* PromotionCollectionViewCell.swift */,
				D4274150271B66FC00AAE3CE /* PromotionCollectionViewCell.xib */,
			);
			path = universityDetail;
			sourceTree = "<group>";
		};
		D47429AF26F7262A00B51184 /* fonts */ = {
			isa = PBXGroup;
			children = (
				D47429B326F7264000B51184 /* AvenirNext-Bold-01.ttf */,
				D47429B126F7264000B51184 /* AvenirNext-DemiBold-03.ttf */,
				D47429B026F7264000B51184 /* AvenirNext-Heavy-09.ttf */,
				D47429B426F7264000B51184 /* AvenirNext-Italic-05.ttf */,
				D47429B526F7264000B51184 /* AvenirNext-Medium-06.ttf */,
				D47429B226F7264000B51184 /* AvenirNext-Regular-08.ttf */,
				D47429B626F7264000B51184 /* AvenirNext-UltraLight-11.ttf */,
			);
			path = fonts;
			sourceTree = "<group>";
		};
		D4762B162709B38500B2CB58 /* data source */ = {
			isa = PBXGroup;
			children = (
				D424D2A727350D0000F9E27B /* local */,
				D40FECBD271C335B005BE36B /* network */,
			);
			path = "data source";
			sourceTree = "<group>";
		};
		D4CF782C26FD13E0002FA4C9 /* list */ = {
			isa = PBXGroup;
			children = (
				D4278D0D26F7CA5B00B1339E /* UniversityListViewController.swift */,
				D4CF782F26FD1427002FA4C9 /* TableViewCell.swift */,
				D4CF783026FD1427002FA4C9 /* TableViewCell.xib */,
				D4762B172709B3B700B2CB58 /* UniversityListViewModel.swift */,
			);
			path = list;
			sourceTree = "<group>";
		};
		D4CF782D26FD13F9002FA4C9 /* search */ = {
			isa = PBXGroup;
			children = (
				D4278D0F26F7CAB400B1339E /* SearchViewController.swift */,
				D43E53F72740EAAB00CF9612 /* SearchViewModel.swift */,
			);
			path = search;
			sourceTree = "<group>";
		};
		D4CF782E26FD1400002FA4C9 /* profile */ = {
			isa = PBXGroup;
			children = (
				D4278D1126F7CAFE00B1339E /* ProfileViewController.swift */,
			);
			path = profile;
			sourceTree = "<group>";
		};
		D4CF783426FD1913002FA4C9 /* Util */ = {
			isa = PBXGroup;
			children = (
				D4CF783526FD192D002FA4C9 /* Constants.swift */,
				D4762B192709B45800B2CB58 /* ViewModel.swift */,
				D4762B1B2709B54300B2CB58 /* Observable.swift */,
				D4274149271B50F100AAE3CE /* UIViews.swift */,
				D403C1092736A2C300DFC5E6 /* Injector.swift */,
				D4FCFC2727528CCA00128C1F /* Extentions.swift */,
			);
			path = Util;
			sourceTree = "<group>";
		};
		D4CF783726FD1CB7002FA4C9 /* Domain Model */ = {
			isa = PBXGroup;
			children = (
				D403C10027367A3500DFC5E6 /* usecases */,
				D403C0FF27367A2300DFC5E6 /* repositories */,
				D4CF783926FD1D06002FA4C9 /* UniversityListItem.swift */,
				D427414D271B56B500AAE3CE /* UniversityDetail.swift */,
				D424D2A827350D1300F9E27B /* DataState.swift */,
			);
			path = "Domain Model";
			sourceTree = "<group>";
		};
		D4DA10D6272BF7BF00026B7C /* model */ = {
			isa = PBXGroup;
			children = (
				D4DA10D7272BF7CD00026B7C /* models.swift */,
			);
			path = model;
			sourceTree = "<group>";
		};
/* End PBXGroup section */

/* Begin PBXNativeTarget section */
		D44045B926F68ED00098BEAF /* UniFinder */ = {
			isa = PBXNativeTarget;
			buildConfigurationList = D44045E426F68ED10098BEAF /* Build configuration list for PBXNativeTarget "UniFinder" */;
			buildPhases = (
				D44045B626F68ED00098BEAF /* Sources */,
				D44045B726F68ED00098BEAF /* Frameworks */,
				D44045B826F68ED00098BEAF /* Resources */,
			);
			buildRules = (
			);
			dependencies = (
			);
			name = UniFinder;
			packageProductDependencies = (
				D4762B1327099EAB00B2CB58 /* Kingfisher */,
				D40FECB6271C2971005BE36B /* SwiftyJSON */,
				D40FECB9271C2A7D005BE36B /* Alamofire */,
				D403C10727369F1100DFC5E6 /* Swinject */,
			);
			productName = UniFinder;
			productReference = D44045BA26F68ED00098BEAF /* UniFinder.app */;
			productType = "com.apple.product-type.application";
		};
		D44045CF26F68ED10098BEAF /* UniFinderTests */ = {
			isa = PBXNativeTarget;
			buildConfigurationList = D44045E726F68ED10098BEAF /* Build configuration list for PBXNativeTarget "UniFinderTests" */;
			buildPhases = (
				D44045CC26F68ED10098BEAF /* Sources */,
				D44045CD26F68ED10098BEAF /* Frameworks */,
				D44045CE26F68ED10098BEAF /* Resources */,
			);
			buildRules = (
			);
			dependencies = (
				D44045D226F68ED10098BEAF /* PBXTargetDependency */,
			);
			name = UniFinderTests;
			productName = UniFinderTests;
			productReference = D44045D026F68ED10098BEAF /* UniFinderTests.xctest */;
			productType = "com.apple.product-type.bundle.unit-test";
		};
		D44045DA26F68ED10098BEAF /* UniFinderUITests */ = {
			isa = PBXNativeTarget;
			buildConfigurationList = D44045EA26F68ED10098BEAF /* Build configuration list for PBXNativeTarget "UniFinderUITests" */;
			buildPhases = (
				D44045D726F68ED10098BEAF /* Sources */,
				D44045D826F68ED10098BEAF /* Frameworks */,
				D44045D926F68ED10098BEAF /* Resources */,
			);
			buildRules = (
			);
			dependencies = (
				D44045DD26F68ED10098BEAF /* PBXTargetDependency */,
			);
			name = UniFinderUITests;
			productName = UniFinderUITests;
			productReference = D44045DB26F68ED10098BEAF /* UniFinderUITests.xctest */;
			productType = "com.apple.product-type.bundle.ui-testing";
		};
/* End PBXNativeTarget section */

/* Begin PBXProject section */
		D44045B226F68ED00098BEAF /* Project object */ = {
			isa = PBXProject;
			attributes = {
				LastSwiftUpdateCheck = 1250;
				LastUpgradeCheck = 1250;
				TargetAttributes = {
					D44045B926F68ED00098BEAF = {
						CreatedOnToolsVersion = 12.5.1;
					};
					D44045CF26F68ED10098BEAF = {
						CreatedOnToolsVersion = 12.5.1;
						TestTargetID = D44045B926F68ED00098BEAF;
					};
					D44045DA26F68ED10098BEAF = {
						CreatedOnToolsVersion = 12.5.1;
						TestTargetID = D44045B926F68ED00098BEAF;
					};
				};
			};
			buildConfigurationList = D44045B526F68ED00098BEAF /* Build configuration list for PBXProject "UniFinder" */;
			compatibilityVersion = "Xcode 9.3";
			developmentRegion = en;
			hasScannedForEncodings = 0;
			knownRegions = (
				en,
				Base,
			);
			mainGroup = D44045B126F68ED00098BEAF;
			packageReferences = (
				D4762B1227099EAB00B2CB58 /* XCRemoteSwiftPackageReference "Kingfisher" */,
				D40FECB5271C2971005BE36B /* XCRemoteSwiftPackageReference "SwiftyJSON" */,
				D40FECB8271C2A7D005BE36B /* XCRemoteSwiftPackageReference "Alamofire" */,
				D403C10627369F1100DFC5E6 /* XCRemoteSwiftPackageReference "Swinject" */,
			);
			productRefGroup = D44045BB26F68ED00098BEAF /* Products */;
			projectDirPath = "";
			projectRoot = "";
			targets = (
				D44045B926F68ED00098BEAF /* UniFinder */,
				D44045CF26F68ED10098BEAF /* UniFinderTests */,
				D44045DA26F68ED10098BEAF /* UniFinderUITests */,
			);
		};
/* End PBXProject section */

/* Begin PBXResourcesBuildPhase section */
		D44045B826F68ED00098BEAF /* Resources */ = {
			isa = PBXResourcesBuildPhase;
			buildActionMask = 2147483647;
			files = (
				D47429C626F7264000B51184 /* AvenirNext-Medium-06.ttf in Resources */,
				D4CF783226FD1427002FA4C9 /* TableViewCell.xib in Resources */,
				D47429BA26F7264000B51184 /* AvenirNext-DemiBold-03.ttf in Resources */,
				D47429C926F7264000B51184 /* AvenirNext-UltraLight-11.ttf in Resources */,
				D44045CA26F68ED10098BEAF /* LaunchScreen.storyboard in Resources */,
				D44045C726F68ED10098BEAF /* Assets.xcassets in Resources */,
				D44045C526F68ED00098BEAF /* Main.storyboard in Resources */,
				D47429B726F7264000B51184 /* AvenirNext-Heavy-09.ttf in Resources */,
				D47429C326F7264000B51184 /* AvenirNext-Italic-05.ttf in Resources */,
				D47429BD26F7264000B51184 /* AvenirNext-Regular-08.ttf in Resources */,
				D4274152271B66FC00AAE3CE /* PromotionCollectionViewCell.xib in Resources */,
				D47429C026F7264000B51184 /* AvenirNext-Bold-01.ttf in Resources */,
			);
			runOnlyForDeploymentPostprocessing = 0;
		};
		D44045CE26F68ED10098BEAF /* Resources */ = {
			isa = PBXResourcesBuildPhase;
			buildActionMask = 2147483647;
			files = (
				D47429B826F7264000B51184 /* AvenirNext-Heavy-09.ttf in Resources */,
				D47429CA26F7264000B51184 /* AvenirNext-UltraLight-11.ttf in Resources */,
				D47429BB26F7264000B51184 /* AvenirNext-DemiBold-03.ttf in Resources */,
				D47429C126F7264000B51184 /* AvenirNext-Bold-01.ttf in Resources */,
				D47429C726F7264000B51184 /* AvenirNext-Medium-06.ttf in Resources */,
				D47429BE26F7264000B51184 /* AvenirNext-Regular-08.ttf in Resources */,
				D47429C426F7264000B51184 /* AvenirNext-Italic-05.ttf in Resources */,
			);
			runOnlyForDeploymentPostprocessing = 0;
		};
		D44045D926F68ED10098BEAF /* Resources */ = {
			isa = PBXResourcesBuildPhase;
			buildActionMask = 2147483647;
			files = (
				D47429B926F7264000B51184 /* AvenirNext-Heavy-09.ttf in Resources */,
				D47429CB26F7264000B51184 /* AvenirNext-UltraLight-11.ttf in Resources */,
				D47429BC26F7264000B51184 /* AvenirNext-DemiBold-03.ttf in Resources */,
				D47429C226F7264000B51184 /* AvenirNext-Bold-01.ttf in Resources */,
				D47429C826F7264000B51184 /* AvenirNext-Medium-06.ttf in Resources */,
				D47429BF26F7264000B51184 /* AvenirNext-Regular-08.ttf in Resources */,
				D47429C526F7264000B51184 /* AvenirNext-Italic-05.ttf in Resources */,
			);
			runOnlyForDeploymentPostprocessing = 0;
		};
/* End PBXResourcesBuildPhase section */

/* Begin PBXSourcesBuildPhase section */
		D44045B626F68ED00098BEAF /* Sources */ = {
			isa = PBXSourcesBuildPhase;
			buildActionMask = 2147483647;
			files = (
				D4DA10D8272BF7CD00026B7C /* models.swift in Sources */,
				D427414E271B56B500AAE3CE /* UniversityDetail.swift in Sources */,
				D4FCFC2827528CCA00128C1F /* Extentions.swift in Sources */,
				D40FECC6271C38AC005BE36B /* APIUrlManager.swift in Sources */,
				D40FECBC271C3353005BE36B /* APIService.swift in Sources */,
				D4762B1C2709B54300B2CB58 /* Observable.swift in Sources */,
				D4762B182709B3B700B2CB58 /* UniversityListViewModel.swift in Sources */,
				D4278D1026F7CAB400B1339E /* SearchViewController.swift in Sources */,
				D424D2A927350D1300F9E27B /* DataState.swift in Sources */,
				D4CF783126FD1427002FA4C9 /* TableViewCell.swift in Sources */,
				D4CF783A26FD1D06002FA4C9 /* UniversityListItem.swift in Sources */,
				D44045C226F68ED00098BEAF /* ViewController.swift in Sources */,
				D44045BE26F68ED00098BEAF /* AppDelegate.swift in Sources */,
				D46BE9AD2710226100633C69 /* UniversityDetailViewController.swift in Sources */,
				D427414A271B50F100AAE3CE /* UIViews.swift in Sources */,
				D4278D0E26F7CA5B00B1339E /* UniversityListViewController.swift in Sources */,
				D4278D1226F7CAFE00B1339E /* ProfileViewController.swift in Sources */,
				D427414C271B566C00AAE3CE /* UniversityDetailViewModel.swift in Sources */,
				D403C10227368D3400DFC5E6 /* UniversityRepository.swift in Sources */,
				D43E53F82740EAAB00CF9612 /* SearchViewModel.swift in Sources */,
				D47429CD26F72B9E00B51184 /* LaunchScreenViewController.swift in Sources */,
				D403C10A2736A2C300DFC5E6 /* Injector.swift in Sources */,
				D4CF783626FD192D002FA4C9 /* Constants.swift in Sources */,
				D403C10527368DBE00DFC5E6 /* Reposityory.swift in Sources */,
				D4762B1A2709B45800B2CB58 /* ViewModel.swift in Sources */,
				D40FECBF271C341D005BE36B /* UniversityNetworkSource.swift in Sources */,
				D40FECC4271C353F005BE36B /* UniversityListDTO.swift in Sources */,
				D4DA10D4272BEF0C00026B7C /* NetworkSource.swift in Sources */,
				D4274151271B66FC00AAE3CE /* PromotionCollectionViewCell.swift in Sources */,
				D44045C026F68ED00098BEAF /* SceneDelegate.swift in Sources */,
			);
			runOnlyForDeploymentPostprocessing = 0;
		};
		D44045CC26F68ED10098BEAF /* Sources */ = {
			isa = PBXSourcesBuildPhase;
			buildActionMask = 2147483647;
			files = (
				D44045D526F68ED10098BEAF /* UniFinderTests.swift in Sources */,
			);
			runOnlyForDeploymentPostprocessing = 0;
		};
		D44045D726F68ED10098BEAF /* Sources */ = {
			isa = PBXSourcesBuildPhase;
			buildActionMask = 2147483647;
			files = (
				D44045E026F68ED10098BEAF /* UniFinderUITests.swift in Sources */,
			);
			runOnlyForDeploymentPostprocessing = 0;
		};
/* End PBXSourcesBuildPhase section */

/* Begin PBXTargetDependency section */
		D44045D226F68ED10098BEAF /* PBXTargetDependency */ = {
			isa = PBXTargetDependency;
			target = D44045B926F68ED00098BEAF /* UniFinder */;
			targetProxy = D44045D126F68ED10098BEAF /* PBXContainerItemProxy */;
		};
		D44045DD26F68ED10098BEAF /* PBXTargetDependency */ = {
			isa = PBXTargetDependency;
			target = D44045B926F68ED00098BEAF /* UniFinder */;
			targetProxy = D44045DC26F68ED10098BEAF /* PBXContainerItemProxy */;
		};
/* End PBXTargetDependency section */

/* Begin PBXVariantGroup section */
		D44045C326F68ED00098BEAF /* Main.storyboard */ = {
			isa = PBXVariantGroup;
			children = (
				D44045C426F68ED00098BEAF /* Base */,
			);
			name = Main.storyboard;
			sourceTree = "<group>";
		};
		D44045C826F68ED10098BEAF /* LaunchScreen.storyboard */ = {
			isa = PBXVariantGroup;
			children = (
				D44045C926F68ED10098BEAF /* Base */,
			);
			name = LaunchScreen.storyboard;
			sourceTree = "<group>";
		};
/* End PBXVariantGroup section */

/* Begin XCBuildConfiguration section */
		D44045E226F68ED10098BEAF /* Debug */ = {
			isa = XCBuildConfiguration;
			buildSettings = {
				ALWAYS_SEARCH_USER_PATHS = NO;
				CLANG_ANALYZER_NONNULL = YES;
				CLANG_ANALYZER_NUMBER_OBJECT_CONVERSION = YES_AGGRESSIVE;
				CLANG_CXX_LANGUAGE_STANDARD = "gnu++14";
				CLANG_CXX_LIBRARY = "libc++";
				CLANG_ENABLE_MODULES = YES;
				CLANG_ENABLE_OBJC_ARC = YES;
				CLANG_ENABLE_OBJC_WEAK = YES;
				CLANG_WARN_BLOCK_CAPTURE_AUTORELEASING = YES;
				CLANG_WARN_BOOL_CONVERSION = YES;
				CLANG_WARN_COMMA = YES;
				CLANG_WARN_CONSTANT_CONVERSION = YES;
				CLANG_WARN_DEPRECATED_OBJC_IMPLEMENTATIONS = YES;
				CLANG_WARN_DIRECT_OBJC_ISA_USAGE = YES_ERROR;
				CLANG_WARN_DOCUMENTATION_COMMENTS = YES;
				CLANG_WARN_EMPTY_BODY = YES;
				CLANG_WARN_ENUM_CONVERSION = YES;
				CLANG_WARN_INFINITE_RECURSION = YES;
				CLANG_WARN_INT_CONVERSION = YES;
				CLANG_WARN_NON_LITERAL_NULL_CONVERSION = YES;
				CLANG_WARN_OBJC_IMPLICIT_RETAIN_SELF = YES;
				CLANG_WARN_OBJC_LITERAL_CONVERSION = YES;
				CLANG_WARN_OBJC_ROOT_CLASS = YES_ERROR;
				CLANG_WARN_QUOTED_INCLUDE_IN_FRAMEWORK_HEADER = YES;
				CLANG_WARN_RANGE_LOOP_ANALYSIS = YES;
				CLANG_WARN_STRICT_PROTOTYPES = YES;
				CLANG_WARN_SUSPICIOUS_MOVE = YES;
				CLANG_WARN_UNGUARDED_AVAILABILITY = YES_AGGRESSIVE;
				CLANG_WARN_UNREACHABLE_CODE = YES;
				CLANG_WARN__DUPLICATE_METHOD_MATCH = YES;
				COPY_PHASE_STRIP = NO;
				DEBUG_INFORMATION_FORMAT = dwarf;
				ENABLE_STRICT_OBJC_MSGSEND = YES;
				ENABLE_TESTABILITY = YES;
				GCC_C_LANGUAGE_STANDARD = gnu11;
				GCC_DYNAMIC_NO_PIC = NO;
				GCC_NO_COMMON_BLOCKS = YES;
				GCC_OPTIMIZATION_LEVEL = 0;
				GCC_PREPROCESSOR_DEFINITIONS = (
					"DEBUG=1",
					"$(inherited)",
				);
				GCC_WARN_64_TO_32_BIT_CONVERSION = YES;
				GCC_WARN_ABOUT_RETURN_TYPE = YES_ERROR;
				GCC_WARN_UNDECLARED_SELECTOR = YES;
				GCC_WARN_UNINITIALIZED_AUTOS = YES_AGGRESSIVE;
				GCC_WARN_UNUSED_FUNCTION = YES;
				GCC_WARN_UNUSED_VARIABLE = YES;
				IPHONEOS_DEPLOYMENT_TARGET = 14.5;
				MTL_ENABLE_DEBUG_INFO = INCLUDE_SOURCE;
				MTL_FAST_MATH = YES;
				ONLY_ACTIVE_ARCH = YES;
				SDKROOT = iphoneos;
				SWIFT_ACTIVE_COMPILATION_CONDITIONS = DEBUG;
				SWIFT_OPTIMIZATION_LEVEL = "-Onone";
			};
			name = Debug;
		};
		D44045E326F68ED10098BEAF /* Release */ = {
			isa = XCBuildConfiguration;
			buildSettings = {
				ALWAYS_SEARCH_USER_PATHS = NO;
				CLANG_ANALYZER_NONNULL = YES;
				CLANG_ANALYZER_NUMBER_OBJECT_CONVERSION = YES_AGGRESSIVE;
				CLANG_CXX_LANGUAGE_STANDARD = "gnu++14";
				CLANG_CXX_LIBRARY = "libc++";
				CLANG_ENABLE_MODULES = YES;
				CLANG_ENABLE_OBJC_ARC = YES;
				CLANG_ENABLE_OBJC_WEAK = YES;
				CLANG_WARN_BLOCK_CAPTURE_AUTORELEASING = YES;
				CLANG_WARN_BOOL_CONVERSION = YES;
				CLANG_WARN_COMMA = YES;
				CLANG_WARN_CONSTANT_CONVERSION = YES;
				CLANG_WARN_DEPRECATED_OBJC_IMPLEMENTATIONS = YES;
				CLANG_WARN_DIRECT_OBJC_ISA_USAGE = YES_ERROR;
				CLANG_WARN_DOCUMENTATION_COMMENTS = YES;
				CLANG_WARN_EMPTY_BODY = YES;
				CLANG_WARN_ENUM_CONVERSION = YES;
				CLANG_WARN_INFINITE_RECURSION = YES;
				CLANG_WARN_INT_CONVERSION = YES;
				CLANG_WARN_NON_LITERAL_NULL_CONVERSION = YES;
				CLANG_WARN_OBJC_IMPLICIT_RETAIN_SELF = YES;
				CLANG_WARN_OBJC_LITERAL_CONVERSION = YES;
				CLANG_WARN_OBJC_ROOT_CLASS = YES_ERROR;
				CLANG_WARN_QUOTED_INCLUDE_IN_FRAMEWORK_HEADER = YES;
				CLANG_WARN_RANGE_LOOP_ANALYSIS = YES;
				CLANG_WARN_STRICT_PROTOTYPES = YES;
				CLANG_WARN_SUSPICIOUS_MOVE = YES;
				CLANG_WARN_UNGUARDED_AVAILABILITY = YES_AGGRESSIVE;
				CLANG_WARN_UNREACHABLE_CODE = YES;
				CLANG_WARN__DUPLICATE_METHOD_MATCH = YES;
				COPY_PHASE_STRIP = NO;
				DEBUG_INFORMATION_FORMAT = "dwarf-with-dsym";
				ENABLE_NS_ASSERTIONS = NO;
				ENABLE_STRICT_OBJC_MSGSEND = YES;
				GCC_C_LANGUAGE_STANDARD = gnu11;
				GCC_NO_COMMON_BLOCKS = YES;
				GCC_WARN_64_TO_32_BIT_CONVERSION = YES;
				GCC_WARN_ABOUT_RETURN_TYPE = YES_ERROR;
				GCC_WARN_UNDECLARED_SELECTOR = YES;
				GCC_WARN_UNINITIALIZED_AUTOS = YES_AGGRESSIVE;
				GCC_WARN_UNUSED_FUNCTION = YES;
				GCC_WARN_UNUSED_VARIABLE = YES;
				IPHONEOS_DEPLOYMENT_TARGET = 14.5;
				MTL_ENABLE_DEBUG_INFO = NO;
				MTL_FAST_MATH = YES;
				SDKROOT = iphoneos;
				SWIFT_COMPILATION_MODE = wholemodule;
				SWIFT_OPTIMIZATION_LEVEL = "-O";
				VALIDATE_PRODUCT = YES;
			};
			name = Release;
		};
		D44045E526F68ED10098BEAF /* Debug */ = {
			isa = XCBuildConfiguration;
			buildSettings = {
				ASSETCATALOG_COMPILER_APPICON_NAME = AppIcon;
				ASSETCATALOG_COMPILER_GLOBAL_ACCENT_COLOR_NAME = AccentColor;
				CODE_SIGN_STYLE = Automatic;
				INFOPLIST_FILE = UniFinder/Info.plist;
				LD_RUNPATH_SEARCH_PATHS = (
					"$(inherited)",
					"@executable_path/Frameworks",
				);
				PRODUCT_BUNDLE_IDENTIFIER = com.example.oguzhan.UniFinder;
				PRODUCT_NAME = "$(TARGET_NAME)";
				SWIFT_VERSION = 5.0;
				TARGETED_DEVICE_FAMILY = "1,2";
			};
			name = Debug;
		};
		D44045E626F68ED10098BEAF /* Release */ = {
			isa = XCBuildConfiguration;
			buildSettings = {
				ASSETCATALOG_COMPILER_APPICON_NAME = AppIcon;
				ASSETCATALOG_COMPILER_GLOBAL_ACCENT_COLOR_NAME = AccentColor;
				CODE_SIGN_STYLE = Automatic;
				INFOPLIST_FILE = UniFinder/Info.plist;
				LD_RUNPATH_SEARCH_PATHS = (
					"$(inherited)",
					"@executable_path/Frameworks",
				);
				PRODUCT_BUNDLE_IDENTIFIER = com.example.oguzhan.UniFinder;
				PRODUCT_NAME = "$(TARGET_NAME)";
				SWIFT_VERSION = 5.0;
				TARGETED_DEVICE_FAMILY = "1,2";
			};
			name = Release;
		};
		D44045E826F68ED10098BEAF /* Debug */ = {
			isa = XCBuildConfiguration;
			buildSettings = {
				ALWAYS_EMBED_SWIFT_STANDARD_LIBRARIES = YES;
				BUNDLE_LOADER = "$(TEST_HOST)";
				CODE_SIGN_STYLE = Automatic;
				INFOPLIST_FILE = UniFinderTests/Info.plist;
				IPHONEOS_DEPLOYMENT_TARGET = 14.5;
				LD_RUNPATH_SEARCH_PATHS = (
					"$(inherited)",
					"@executable_path/Frameworks",
					"@loader_path/Frameworks",
				);
				PRODUCT_BUNDLE_IDENTIFIER = com.example.oguzhan.UniFinderTests;
				PRODUCT_NAME = "$(TARGET_NAME)";
				SWIFT_VERSION = 5.0;
				TARGETED_DEVICE_FAMILY = "1,2";
				TEST_HOST = "$(BUILT_PRODUCTS_DIR)/UniFinder.app/UniFinder";
			};
			name = Debug;
		};
		D44045E926F68ED10098BEAF /* Release */ = {
			isa = XCBuildConfiguration;
			buildSettings = {
				ALWAYS_EMBED_SWIFT_STANDARD_LIBRARIES = YES;
				BUNDLE_LOADER = "$(TEST_HOST)";
				CODE_SIGN_STYLE = Automatic;
				INFOPLIST_FILE = UniFinderTests/Info.plist;
				IPHONEOS_DEPLOYMENT_TARGET = 14.5;
				LD_RUNPATH_SEARCH_PATHS = (
					"$(inherited)",
					"@executable_path/Frameworks",
					"@loader_path/Frameworks",
				);
				PRODUCT_BUNDLE_IDENTIFIER = com.example.oguzhan.UniFinderTests;
				PRODUCT_NAME = "$(TARGET_NAME)";
				SWIFT_VERSION = 5.0;
				TARGETED_DEVICE_FAMILY = "1,2";
				TEST_HOST = "$(BUILT_PRODUCTS_DIR)/UniFinder.app/UniFinder";
			};
			name = Release;
		};
		D44045EB26F68ED10098BEAF /* Debug */ = {
			isa = XCBuildConfiguration;
			buildSettings = {
				ALWAYS_EMBED_SWIFT_STANDARD_LIBRARIES = YES;
				CODE_SIGN_STYLE = Automatic;
				INFOPLIST_FILE = UniFinderUITests/Info.plist;
				LD_RUNPATH_SEARCH_PATHS = (
					"$(inherited)",
					"@executable_path/Frameworks",
					"@loader_path/Frameworks",
				);
				PRODUCT_BUNDLE_IDENTIFIER = com.example.oguzhan.UniFinderUITests;
				PRODUCT_NAME = "$(TARGET_NAME)";
				SWIFT_VERSION = 5.0;
				TARGETED_DEVICE_FAMILY = "1,2";
				TEST_TARGET_NAME = UniFinder;
			};
			name = Debug;
		};
		D44045EC26F68ED10098BEAF /* Release */ = {
			isa = XCBuildConfiguration;
			buildSettings = {
				ALWAYS_EMBED_SWIFT_STANDARD_LIBRARIES = YES;
				CODE_SIGN_STYLE = Automatic;
				INFOPLIST_FILE = UniFinderUITests/Info.plist;
				LD_RUNPATH_SEARCH_PATHS = (
					"$(inherited)",
					"@executable_path/Frameworks",
					"@loader_path/Frameworks",
				);
				PRODUCT_BUNDLE_IDENTIFIER = com.example.oguzhan.UniFinderUITests;
				PRODUCT_NAME = "$(TARGET_NAME)";
				SWIFT_VERSION = 5.0;
				TARGETED_DEVICE_FAMILY = "1,2";
				TEST_TARGET_NAME = UniFinder;
			};
			name = Release;
		};
/* End XCBuildConfiguration section */

/* Begin XCConfigurationList section */
		D44045B526F68ED00098BEAF /* Build configuration list for PBXProject "UniFinder" */ = {
			isa = XCConfigurationList;
			buildConfigurations = (
				D44045E226F68ED10098BEAF /* Debug */,
				D44045E326F68ED10098BEAF /* Release */,
			);
			defaultConfigurationIsVisible = 0;
			defaultConfigurationName = Release;
		};
		D44045E426F68ED10098BEAF /* Build configuration list for PBXNativeTarget "UniFinder" */ = {
			isa = XCConfigurationList;
			buildConfigurations = (
				D44045E526F68ED10098BEAF /* Debug */,
				D44045E626F68ED10098BEAF /* Release */,
			);
			defaultConfigurationIsVisible = 0;
			defaultConfigurationName = Release;
		};
		D44045E726F68ED10098BEAF /* Build configuration list for PBXNativeTarget "UniFinderTests" */ = {
			isa = XCConfigurationList;
			buildConfigurations = (
				D44045E826F68ED10098BEAF /* Debug */,
				D44045E926F68ED10098BEAF /* Release */,
			);
			defaultConfigurationIsVisible = 0;
			defaultConfigurationName = Release;
		};
		D44045EA26F68ED10098BEAF /* Build configuration list for PBXNativeTarget "UniFinderUITests" */ = {
			isa = XCConfigurationList;
			buildConfigurations = (
				D44045EB26F68ED10098BEAF /* Debug */,
				D44045EC26F68ED10098BEAF /* Release */,
			);
			defaultConfigurationIsVisible = 0;
			defaultConfigurationName = Release;
		};
/* End XCConfigurationList section */

/* Begin XCRemoteSwiftPackageReference section */
		D403C10627369F1100DFC5E6 /* XCRemoteSwiftPackageReference "Swinject" */ = {
			isa = XCRemoteSwiftPackageReference;
			repositoryURL = "https://github.com/Swinject/Swinject.git";
			requirement = {
				kind = upToNextMajorVersion;
				minimumVersion = 2.8.1;
			};
		};
		D40FECB5271C2971005BE36B /* XCRemoteSwiftPackageReference "SwiftyJSON" */ = {
			isa = XCRemoteSwiftPackageReference;
			repositoryURL = "https://github.com/SwiftyJSON/SwiftyJSON.git";
			requirement = {
				kind = upToNextMajorVersion;
				minimumVersion = 5.0.1;
			};
		};
		D40FECB8271C2A7D005BE36B /* XCRemoteSwiftPackageReference "Alamofire" */ = {
			isa = XCRemoteSwiftPackageReference;
			repositoryURL = "https://github.com/Alamofire/Alamofire.git";
			requirement = {
				kind = upToNextMajorVersion;
				minimumVersion = 5.4.4;
			};
		};
		D4762B1227099EAB00B2CB58 /* XCRemoteSwiftPackageReference "Kingfisher" */ = {
			isa = XCRemoteSwiftPackageReference;
			repositoryURL = "https://github.com/onevcat/Kingfisher.git";
			requirement = {
				kind = upToNextMajorVersion;
				minimumVersion = 7.0.0;
			};
		};
/* End XCRemoteSwiftPackageReference section */

/* Begin XCSwiftPackageProductDependency section */
		D403C10727369F1100DFC5E6 /* Swinject */ = {
			isa = XCSwiftPackageProductDependency;
			package = D403C10627369F1100DFC5E6 /* XCRemoteSwiftPackageReference "Swinject" */;
			productName = Swinject;
		};
		D40FECB6271C2971005BE36B /* SwiftyJSON */ = {
			isa = XCSwiftPackageProductDependency;
			package = D40FECB5271C2971005BE36B /* XCRemoteSwiftPackageReference "SwiftyJSON" */;
			productName = SwiftyJSON;
		};
		D40FECB9271C2A7D005BE36B /* Alamofire */ = {
			isa = XCSwiftPackageProductDependency;
			package = D40FECB8271C2A7D005BE36B /* XCRemoteSwiftPackageReference "Alamofire" */;
			productName = Alamofire;
		};
		D4762B1327099EAB00B2CB58 /* Kingfisher */ = {
			isa = XCSwiftPackageProductDependency;
			package = D4762B1227099EAB00B2CB58 /* XCRemoteSwiftPackageReference "Kingfisher" */;
			productName = Kingfisher;
		};
/* End XCSwiftPackageProductDependency section */
	};
	rootObject = D44045B226F68ED00098BEAF /* Project object */;
}
